
Microsoft Visual Studio Solution File, Format Version 12.00
# Visual Studio Version 17
VisualStudioVersion = 17.5.33516.290
MinimumVisualStudioVersion = 10.0.40219.1
Project("{9A19103F-16F7-4668-BE54-9A1E7A4F7556}") = "MtgWpfApplication", "MtgWpfApplication\MtgWpfApplication.csproj", "{1D0A9B0E-3F24-4462-94C4-4924142623F9}"
EndProject
Global
	GlobalSection(SolutionConfigurationPlatforms) = preSolution
		Debug|Any CPU = Debug|Any CPU
		Release|Any CPU = Release|Any CPU
	EndGlobalSection
	GlobalSection(ProjectConfigurationPlatforms) = postSolution
		{1D0A9B0E-3F24-4462-94C4-4924142623F9}.Debug|Any CPU.ActiveCfg = Debug|Any CPU
		{1D0A9B0E-3F24-4462-94C4-4924142623F9}.Debug|Any CPU.Build.0 = Debug|Any CPU
		{1D0A9B0E-3F24-4462-94C4-4924142623F9}.Release|Any CPU.ActiveCfg = Release|Any CPU
		{1D0A9B0E-3F24-4462-94C4-4924142623F9}.Release|Any CPU.Build.0 = Release|Any CPU
	EndGlobalSection
	GlobalSection(SolutionProperties) = preSolution
		HideSolutionNode = FALSE
	EndGlobalSection
	GlobalSection(ExtensibilityGlobals) = postSolution
		SolutionGuid = {99B3CC05-7D38-4866-8F7F-E964C1E2A459}
	EndGlobalSection
EndGlobal
